
Microsoft Visual Studio Solution File, Format Version 12.00
# Visual Studio Version 17
VisualStudioVersion = 17.2.32630.192
MinimumVisualStudioVersion = 10.0.40219.1
Project("{FAE04EC0-301F-11D3-BF4B-00C04F79EFBC}") = "CestKiki.AzureFunctions", "CestKiki.AzureFunctions\CestKiki.AzureFunctions.csproj", "{A9B3E1B0-0AB3-4432-8BB4-2C5CB2D41068}"
EndProject
Project("{FAE04EC0-301F-11D3-BF4B-00C04F79EFBC}") = "CestKiki.AzureFunctions.Tests", "CestKiki.AzureFunctions.Tests\CestKiki.AzureFunctions.Tests.csproj", "{F73ECC00-6C08-42B6-8748-B9AAFE2903E5}"
EndProject
Project("{2150E333-8FDC-42A3-9474-1A3956D46DE8}") = "Solution", "Solution", "{3349FBBB-4716-46E6-98FD-06B4AC26BC0F}"
	ProjectSection(SolutionItems) = preProject
		.editorconfig = .editorconfig
		.gitignore = .gitignore
	EndProjectSection
EndProject
Global
	GlobalSection(SolutionConfigurationPlatforms) = preSolution
		Debug|Any CPU = Debug|Any CPU
		Release|Any CPU = Release|Any CPU
	EndGlobalSection
	GlobalSection(ProjectConfigurationPlatforms) = postSolution
		{A9B3E1B0-0AB3-4432-8BB4-2C5CB2D41068}.Debug|Any CPU.ActiveCfg = Debug|Any CPU
		{A9B3E1B0-0AB3-4432-8BB4-2C5CB2D41068}.Debug|Any CPU.Build.0 = Debug|Any CPU
		{A9B3E1B0-0AB3-4432-8BB4-2C5CB2D41068}.Release|Any CPU.ActiveCfg = Release|Any CPU
		{A9B3E1B0-0AB3-4432-8BB4-2C5CB2D41068}.Release|Any CPU.Build.0 = Release|Any CPU
		{F73ECC00-6C08-42B6-8748-B9AAFE2903E5}.Debug|Any CPU.ActiveCfg = Debug|Any CPU
		{F73ECC00-6C08-42B6-8748-B9AAFE2903E5}.Debug|Any CPU.Build.0 = Debug|Any CPU
		{F73ECC00-6C08-42B6-8748-B9AAFE2903E5}.Release|Any CPU.ActiveCfg = Release|Any CPU
		{F73ECC00-6C08-42B6-8748-B9AAFE2903E5}.Release|Any CPU.Build.0 = Release|Any CPU
	EndGlobalSection
	GlobalSection(SolutionProperties) = preSolution
		HideSolutionNode = FALSE
	EndGlobalSection
	GlobalSection(ExtensibilityGlobals) = postSolution
		SolutionGuid = {C5748E62-FE3C-4CE3-926E-FFE75EA6F1DE}
	EndGlobalSection
EndGlobal
